
Microsoft Visual Studio Solution File, Format Version 12.00
# Visual Studio Version 16
VisualStudioVersion = 16.0.808.3
MinimumVisualStudioVersion = 10.0.40219.1
Project("{FAE04EC0-301F-11D3-BF4B-00C04F79EFBC}") = "App", "App.csproj", "{A6D67331-1A7A-4BD7-92F1-5568F771DF6D}"
EndProject
Global
	GlobalSection(SolutionConfigurationPlatforms) = preSolution
		Debug|Any CPU = Debug|Any CPU
		Release|Any CPU = Release|Any CPU
	EndGlobalSection
	GlobalSection(ProjectConfigurationPlatforms) = postSolution
		{A6D67331-1A7A-4BD7-92F1-5568F771DF6D}.Debug|Any CPU.ActiveCfg = Debug|Any CPU
		{A6D67331-1A7A-4BD7-92F1-5568F771DF6D}.Debug|Any CPU.Build.0 = Debug|Any CPU
		{A6D67331-1A7A-4BD7-92F1-5568F771DF6D}.Release|Any CPU.ActiveCfg = Release|Any CPU
		{A6D67331-1A7A-4BD7-92F1-5568F771DF6D}.Release|Any CPU.Build.0 = Release|Any CPU
	EndGlobalSection
	GlobalSection(SolutionProperties) = preSolution
		HideSolutionNode = FALSE
	EndGlobalSection
	GlobalSection(ExtensibilityGlobals) = postSolution
		SolutionGuid = {591848D1-5A88-4609-902A-AD0FBA503C27}
	EndGlobalSection
EndGlobal
